
Microsoft Visual Studio Solution File, Format Version 12.00
# Visual Studio 15
VisualStudioVersion = 15.0.27428.2015
MinimumVisualStudioVersion = 10.0.40219.1
Project("{DA7A21FA-8162-4350-AD77-A8D1B671F3ED}") = "MachineLearning", "MachineLearning\MachineLearning.rxproj", "{2118B18E-2E41-4F65-A302-33681C3E5D22}"
EndProject
Global
	GlobalSection(SolutionConfigurationPlatforms) = preSolution
		Debug|Any CPU = Debug|Any CPU
		Release|Any CPU = Release|Any CPU
	EndGlobalSection
	GlobalSection(ProjectConfigurationPlatforms) = postSolution
		{2118B18E-2E41-4F65-A302-33681C3E5D22}.Debug|Any CPU.ActiveCfg = Debug|Any CPU
		{2118B18E-2E41-4F65-A302-33681C3E5D22}.Debug|Any CPU.Build.0 = Debug|Any CPU
		{2118B18E-2E41-4F65-A302-33681C3E5D22}.Release|Any CPU.ActiveCfg = Release|Any CPU
		{2118B18E-2E41-4F65-A302-33681C3E5D22}.Release|Any CPU.Build.0 = Release|Any CPU
	EndGlobalSection
	GlobalSection(SolutionProperties) = preSolution
		HideSolutionNode = FALSE
	EndGlobalSection
	GlobalSection(ExtensibilityGlobals) = postSolution
		SolutionGuid = {6E1A1463-BDA0-4299-98E4-DC343B5F0177}
	EndGlobalSection
EndGlobal
